{
  "name": "superset-embedded-example",
  "version": "0.1.0",
  "lockfileVersion": 1,
  "requires": true,
  "dependencies": {
    "@superset-ui/embedded-sdk": {
      "version": "0.1.0-alpha.7",
      "resolved": "https://registry.npmjs.org/@superset-ui/embedded-sdk/-/embedded-sdk-0.1.0-alpha.7.tgz",
      "integrity": "sha512-sBzfSnPvRw15D6A053t4gpKDydHaAjyn88By1Z3Vl3PWZScW6sTHh8n/5A69qMSJVorqFQ3g0IUquTF8sutGEQ==",
      "requires": {
        "@superset-ui/switchboard": "^0.18.26-0"
      }
    },
    "@superset-ui/switchboard": {
      "version": "0.18.26-0",
      "resolved": "https://registry.npmjs.org/@superset-ui/switchboard/-/switchboard-0.18.26-0.tgz",
      "integrity": "sha512-MYvigrspA0EgNU6tA9UrsXcrUYid9YktsbIPx/D4Xd5cWWrJrJl303imQ/SIZbC25faJCd2gL30ORll60Yz3Ww=="
    }
  }
}
